
Microsoft Visual Studio Solution File, Format Version 12.00
# Visual Studio Version 17
VisualStudioVersion = 17.14.36401.2 d17.14
MinimumVisualStudioVersion = 10.0.40219.1
Project("{FAE04EC0-301F-11D3-BF4B-00C04F79EFBC}") = "MemoryGame", "MemoryGame\MemoryGame.csproj", "{BDE9E9BB-E257-48B1-9CB6-DE34207BC555}"
EndProject
Global
	GlobalSection(SolutionConfigurationPlatforms) = preSolution
		Debug|Any CPU = Debug|Any CPU
		Release|Any CPU = Release|Any CPU
	EndGlobalSection
	GlobalSection(ProjectConfigurationPlatforms) = postSolution
		{BDE9E9BB-E257-48B1-9CB6-DE34207BC555}.Debug|Any CPU.ActiveCfg = Debug|Any CPU
		{BDE9E9BB-E257-48B1-9CB6-DE34207BC555}.Debug|Any CPU.Build.0 = Debug|Any CPU
		{BDE9E9BB-E257-48B1-9CB6-DE34207BC555}.Release|Any CPU.ActiveCfg = Release|Any CPU
		{BDE9E9BB-E257-48B1-9CB6-DE34207BC555}.Release|Any CPU.Build.0 = Release|Any CPU
	EndGlobalSection
	GlobalSection(SolutionProperties) = preSolution
		HideSolutionNode = FALSE
	EndGlobalSection
	GlobalSection(ExtensibilityGlobals) = postSolution
		SolutionGuid = {4AC4F284-C732-475B-BE11-E08C26D9A454}
	EndGlobalSection
EndGlobal
